<?xml version="1.0" encoding="utf-8"?>
<Project ToolsVersion="4.0" xmlns="http://schemas.microsoft.com/developer/msbuild/2003">
  <ItemGroup>
    <ClCompile Include="main.cpp" />
    <ClCompile Include="Core\Application.cpp">
      <Filter>Core</Filter>
    </ClCompile>
    <ClCompile Include="Core\GameObject.cpp">
      <Filter>Core</Filter>
    </ClCompile>
    <ClCompile Include="Game\GameManager.cpp">
      <Filter>Game</Filter>
    </ClCompile>
    <ClCompile Include="Math\Math.cpp">
      <Filter>Math</Filter>
    </ClCompile>
    <ClCompile Include="Math\Vector2.cpp">
      <Filter>Math</Filter>
    </ClCompile>
    <ClCompile Include="Math\Rect.cpp">
      <Filter>Math</Filter>
    </ClCompile>
    <ClCompile Include="Core\MapData.cpp">
      <Filter>Core\Graphics</Filter>
    </ClCompile>
    <ClCompile Include="Core\Graphics.cpp">
      <Filter>Core\Graphics</Filter>
    </ClCompile>
    <ClCompile Include="Core\ImageLoader.cpp">
      <Filter>Core\Graphics</Filter>
    </ClCompile>
    <ClCompile Include="Core\Texture.cpp">
      <Filter>Core\Graphics</Filter>
    </ClCompile>
    <ClCompile Include="Core\TextureManager.cpp">
      <Filter>Core\Graphics</Filter>
    </ClCompile>
    <ClCompile Include="Core\Sprite.cpp">
      <Filter>Core\Components</Filter>
    </ClCompile>
    <ClCompile Include="Core\Transform.cpp">
      <Filter>Core\Components</Filter>
    </ClCompile>
    <ClCompile Include="Core\BoxCollider.cpp">
      <Filter>Core\Components</Filter>
    </ClCompile>
    <ClCompile Include="Core\CircleCollider.cpp">
      <Filter>Core\Components</Filter>
    </ClCompile>
    <ClCompile Include="Core\Collider.cpp">
      <Filter>Core\Components</Filter>
    </ClCompile>
    <ClCompile Include="Core\CollisionQuadTree.cpp">
      <Filter>Core\Physics</Filter>
    </ClCompile>
    <ClCompile Include="Core\CollisionSystem.cpp">
      <Filter>Core\Physics</Filter>
    </ClCompile>
    <ClCompile Include="Core\Input.cpp">
      <Filter>Core\Input</Filter>
    </ClCompile>
    <ClCompile Include="Core\PartitionCell.cpp">
      <Filter>Core\Physics</Filter>
    </ClCompile>
    <ClCompile Include="Core\Timer.cpp">
      <Filter>Core\Time</Filter>
    </ClCompile>
    <ClCompile Include="Game\Background.cpp">
      <Filter>Game\Environment</Filter>
    </ClCompile>
    <ClCompile Include="Game\Boss.cpp">
      <Filter>Game\Enemy</Filter>
    </ClCompile>
    <ClCompile Include="Game\Bullet.cpp">
      <Filter>Game\Weapon</Filter>
    </ClCompile>
    <ClCompile Include="Game\BulletFactory.cpp">
      <Filter>Game\Weapon</Filter>
    </ClCompile>
    <ClCompile Include="Game\BulletSite.cpp">
      <Filter>Game\Weapon</Filter>
    </ClCompile>
    <ClCompile Include="Game\Enemy.cpp">
      <Filter>Game\Enemy</Filter>
    </ClCompile>
    <ClCompile Include="Game\EnemySpawner.cpp">
      <Filter>Game\Enemy</Filter>
    </ClCompile>
    <ClCompile Include="Game\Missile.cpp">
      <Filter>Game\Weapon</Filter>
    </ClCompile>
    <ClCompile Include="Game\Player.cpp">
      <Filter>Game\Player</Filter>
    </ClCompile>
    <ClCompile Include="Game\MissileFactory.cpp">
      <Filter>Game\Weapon</Filter>
    </ClCompile>
    <ClCompile Include="Game\Enemy2.cpp">
      <Filter>Game\Enemy</Filter>
    </ClCompile>
    <ClCompile Include="Core\Text.cpp">
      <Filter>Core\Components</Filter>
    </ClCompile>
    <ClCompile Include="Game\UIScore.cpp">
      <Filter>Game\UI</Filter>
    </ClCompile>
  </ItemGroup>
  <ItemGroup>
    <Filter Include="Core">
      <UniqueIdentifier>{ac53c767-8bb4-49ff-8487-49dc33856e6b}</UniqueIdentifier>
    </Filter>
    <Filter Include="Game">
      <UniqueIdentifier>{c1f226f8-befb-4485-a399-65d4b2caebab}</UniqueIdentifier>
    </Filter>
    <Filter Include="Math">
      <UniqueIdentifier>{6c406c98-7418-4f38-8449-38d4f50ff6e9}</UniqueIdentifier>
    </Filter>
    <Filter Include="Core\Graphics">
      <UniqueIdentifier>{49af647f-e600-4534-b32d-c9f4eae5d093}</UniqueIdentifier>
    </Filter>
    <Filter Include="Core\Components">
      <UniqueIdentifier>{94b9ecb5-6ff7-4be7-a37e-4a1950d41cd6}</UniqueIdentifier>
    </Filter>
    <Filter Include="Utilities">
      <UniqueIdentifier>{150f697e-2a48-4a08-b450-55b30608fbd6}</UniqueIdentifier>
    </Filter>
    <Filter Include="Assets">
      <UniqueIdentifier>{eac16fac-0144-44fd-891e-4757e9d5f8df}</UniqueIdentifier>
    </Filter>
    <Filter Include="Assets\Maps">
      <UniqueIdentifier>{54045c50-4e80-402c-9c87-e033365df5ac}</UniqueIdentifier>
    </Filter>
    <Filter Include="Assets\Images">
      <UniqueIdentifier>{34289f93-9c96-4598-a624-d257ebc00305}</UniqueIdentifier>
    </Filter>
    <Filter Include="Assets\Levels">
      <UniqueIdentifier>{715d68e2-3b83-4cf9-9863-7549ae13cf32}</UniqueIdentifier>
    </Filter>
    <Filter Include="Core\Physics">
      <UniqueIdentifier>{e3489b6c-1098-4a2e-901a-52a775f3ae61}</UniqueIdentifier>
    </Filter>
    <Filter Include="Core\Input">
      <UniqueIdentifier>{9e48561a-1788-4ca3-b0c3-dc7a04ace573}</UniqueIdentifier>
    </Filter>
    <Filter Include="Core\Time">
      <UniqueIdentifier>{f25adf9e-0e0d-4a5c-9491-8590f207e279}</UniqueIdentifier>
    </Filter>
    <Filter Include="Game\Player">
      <UniqueIdentifier>{e348b74a-bb33-4754-a30f-dd658175e047}</UniqueIdentifier>
    </Filter>
    <Filter Include="Game\Enemy">
      <UniqueIdentifier>{5b6c91bb-b10b-44ea-9b9b-95d41f48f144}</UniqueIdentifier>
    </Filter>
    <Filter Include="Game\Environment">
      <UniqueIdentifier>{78bb2581-e10c-4a3f-ab09-1e1ad132da60}</UniqueIdentifier>
    </Filter>
    <Filter Include="Game\Weapon">
      <UniqueIdentifier>{0f25f978-c9a5-4f5b-b6cc-65edee0df15a}</UniqueIdentifier>
    </Filter>
    <Filter Include="Game\UI">
      <UniqueIdentifier>{cd80a4fb-9d40-487d-9138-b3dfe50382af}</UniqueIdentifier>
    </Filter>
  </ItemGroup>
  <ItemGroup>
    <ClInclude Include="Core\Application.h">
      <Filter>Core</Filter>
    </ClInclude>
    <ClInclude Include="Core\GameObject.h">
      <Filter>Core</Filter>
    </ClInclude>
    <ClInclude Include="Game\GameManager.h">
      <Filter>Game</Filter>
    </ClInclude>
    <ClInclude Include="Math\Math.h">
      <Filter>Math</Filter>
    </ClInclude>
    <ClInclude Include="Math\Vector2.h">
      <Filter>Math</Filter>
    </ClInclude>
    <ClInclude Include="Math\Circle.h">
      <Filter>Math</Filter>
    </ClInclude>
    <ClInclude Include="Math\Line.h">
      <Filter>Math</Filter>
    </ClInclude>
    <ClInclude Include="Math\Rect.h">
      <Filter>Math</Filter>
    </ClInclude>
    <ClInclude Include="Core\MapData.h">
      <Filter>Core\Graphics</Filter>
    </ClInclude>
    <ClInclude Include="Core\Graphics.h">
      <Filter>Core\Graphics</Filter>
    </ClInclude>
    <ClInclude Include="Core\ImageLoader.h">
      <Filter>Core\Graphics</Filter>
    </ClInclude>
    <ClInclude Include="Core\Texture.h">
      <Filter>Core\Graphics</Filter>
    </ClInclude>
    <ClInclude Include="Core\TextureManager.h">
      <Filter>Core\Graphics</Filter>
    </ClInclude>
    <ClInclude Include="Core\Component.h">
      <Filter>Core\Components</Filter>
    </ClInclude>
    <ClInclude Include="Core\Sprite.h">
      <Filter>Core\Components</Filter>
    </ClInclude>
    <ClInclude Include="Core\Transform.h">
      <Filter>Core\Components</Filter>
    </ClInclude>
    <ClInclude Include="Utilities\Heap.h">
      <Filter>Utilities</Filter>
    </ClInclude>
    <ClInclude Include="Core\BoxCollider.h">
      <Filter>Core\Components</Filter>
    </ClInclude>
    <ClInclude Include="Core\CircleCollider.h">
      <Filter>Core\Components</Filter>
    </ClInclude>
    <ClInclude Include="Core\Collider.h">
      <Filter>Core\Components</Filter>
    </ClInclude>
    <ClInclude Include="Core\CollisionSystem.h">
      <Filter>Core\Physics</Filter>
    </ClInclude>
    <ClInclude Include="Core\CollisionQuadTree.h">
      <Filter>Core\Physics</Filter>
    </ClInclude>
    <ClInclude Include="Core\Input.h">
      <Filter>Core\Input</Filter>
    </ClInclude>
    <ClInclude Include="Core\InputTypes.h">
      <Filter>Core\Input</Filter>
    </ClInclude>
    <ClInclude Include="Core\PartitionCell.h">
      <Filter>Core\Physics</Filter>
    </ClInclude>
    <ClInclude Include="Core\AnimationState.h">
      <Filter>Core\Graphics</Filter>
    </ClInclude>
    <ClInclude Include="Core\Timer.h">
      <Filter>Core\Time</Filter>
    </ClInclude>
    <ClInclude Include="Game\Background.h">
      <Filter>Game\Environment</Filter>
    </ClInclude>
    <ClInclude Include="Game\Boss.h">
      <Filter>Game\Enemy</Filter>
    </ClInclude>
    <ClInclude Include="Game\Bullet.h">
      <Filter>Game\Weapon</Filter>
    </ClInclude>
    <ClInclude Include="Game\BulletSite.h">
      <Filter>Game\Weapon</Filter>
    </ClInclude>
    <ClInclude Include="Game\BulletFactory.h">
      <Filter>Game\Weapon</Filter>
    </ClInclude>
    <ClInclude Include="Game\Enemy.h">
      <Filter>Game\Enemy</Filter>
    </ClInclude>
    <ClInclude Include="Game\EnemySpawner.h">
      <Filter>Game\Enemy</Filter>
    </ClInclude>
    <ClInclude Include="Game\Missile.h">
      <Filter>Game\Weapon</Filter>
    </ClInclude>
    <ClInclude Include="Game\Player.h">
      <Filter>Game\Player</Filter>
    </ClInclude>
    <ClInclude Include="Game\MissileFactory.h">
      <Filter>Game\Weapon</Filter>
    </ClInclude>
    <ClInclude Include="Game\Enemy2.h">
      <Filter>Game\Enemy</Filter>
    </ClInclude>
    <ClInclude Include="Core\Text.h">
      <Filter>Core\Components</Filter>
    </ClInclude>
    <ClInclude Include="Game\UIScore.h">
      <Filter>Game\UI</Filter>
    </ClInclude>
  </ItemGroup>
  <ItemGroup>
    <None Include="Utilities\Heap.inl">
      <Filter>Utilities</Filter>
    </None>
    <None Include="..\..\Assets\Maps\map1.txt">
      <Filter>Assets\Maps</Filter>
    </None>
    <None Include="..\..\Assets\Images\boss.png">
      <Filter>Assets\Images</Filter>
    </None>
    <None Include="..\..\Assets\Images\bullet.png">
      <Filter>Assets\Images</Filter>
    </None>
    <None Include="..\..\Assets\Images\enemy1.png">
      <Filter>Assets\Images</Filter>
    </None>
    <None Include="..\..\Assets\Images\enemy2.png">
      <Filter>Assets\Images</Filter>
    </None>
    <None Include="..\..\Assets\Images\ship.png">
      <Filter>Assets\Images</Filter>
    </None>
    <None Include="..\..\Assets\Images\tileset1.png">
      <Filter>Assets\Images</Filter>
    </None>
    <None Include="..\..\Assets\Levels\level1enemies.txt">
      <Filter>Assets\Levels</Filter>
    </None>
  </ItemGroup>
</Project>